
Microsoft Visual Studio Solution File, Format Version 12.00
# Visual Studio Version 17
VisualStudioVersion = 17.14.36429.23 d17.14
MinimumVisualStudioVersion = 10.0.40219.1
Project("{FAE04EC0-301F-11D3-BF4B-00C04F79EFBC}") = "Books-website-server", "Books-website-server.csproj", "{8192A602-B8B8-4845-8936-ECBEA8C6B2A5}"
EndProject
Global
	GlobalSection(SolutionConfigurationPlatforms) = preSolution
		Debug|Any CPU = Debug|Any CPU
		Release|Any CPU = Release|Any CPU
	EndGlobalSection
	GlobalSection(ProjectConfigurationPlatforms) = postSolution
		{8192A602-B8B8-4845-8936-ECBEA8C6B2A5}.Debug|Any CPU.ActiveCfg = Debug|Any CPU
		{8192A602-B8B8-4845-8936-ECBEA8C6B2A5}.Debug|Any CPU.Build.0 = Debug|Any CPU
		{8192A602-B8B8-4845-8936-ECBEA8C6B2A5}.Release|Any CPU.ActiveCfg = Release|Any CPU
		{8192A602-B8B8-4845-8936-ECBEA8C6B2A5}.Release|Any CPU.Build.0 = Release|Any CPU
	EndGlobalSection
	GlobalSection(SolutionProperties) = preSolution
		HideSolutionNode = FALSE
	EndGlobalSection
	GlobalSection(ExtensibilityGlobals) = postSolution
		SolutionGuid = {9CCB4CD5-3F90-4241-A8D2-24844260B3F0}
	EndGlobalSection
EndGlobal
